
Microsoft Visual Studio Solution File, Format Version 12.00
# Visual Studio 15
VisualStudioVersion = 15.0.26730.16
MinimumVisualStudioVersion = 10.0.40219.1
Project("{2150E333-8FDC-42A3-9474-1A3956D46DE8}") = "libs", "libs", "{E389CD07-467E-4882-A43A-CC82DEF974C0}"
EndProject
Project("{2150E333-8FDC-42A3-9474-1A3956D46DE8}") = "tests", "tests", "{C992E35A-AADA-4A93-9C98-0AC03638436A}"
EndProject
Project("{FAE04EC0-301F-11D3-BF4B-00C04F79EFBC}") = "Tangsem.Common", "projects\Tangsem.Common\Tangsem.Common.csproj", "{A5DAFCC5-6AC6-4805-B7CA-A351084654CA}"
EndProject
Project("{FAE04EC0-301F-11D3-BF4B-00C04F79EFBC}") = "Tangsem.Data", "projects\Tangsem.Data\Tangsem.Data.csproj", "{62351D99-DF6A-4329-8F50-F75ED133EBA7}"
EndProject
Project("{FAE04EC0-301F-11D3-BF4B-00C04F79EFBC}") = "Tangsem.NHibernate", "projects\Tangsem.NHibernate\Tangsem.NHibernate.csproj", "{804A3FB9-89DF-4C66-B09B-AFAEF76069FD}"
EndProject
Project("{FAE04EC0-301F-11D3-BF4B-00C04F79EFBC}") = "Tangsem.Generator.Metadata", "projects\Tangsem.Generator.Metadata\Tangsem.Generator.Metadata.csproj", "{BEE62F90-879F-40A3-A3C4-666373B2BF89}"
EndProject
Project("{FAE04EC0-301F-11D3-BF4B-00C04F79EFBC}") = "Tangsem.Generator", "projects\Tangsem.Generator\Tangsem.Generator.csproj", "{6CE102E0-7F36-434A-AEC0-541A20FD2548}"
EndProject
Project("{FAE04EC0-301F-11D3-BF4B-00C04F79EFBC}") = "Tangsem.EF", "projects\Tangsem.EF\Tangsem.EF.csproj", "{B6C6C2C0-4276-4307-BE2B-0DE3E81AB4F2}"
EndProject
Project("{FAE04EC0-301F-11D3-BF4B-00C04F79EFBC}") = "Tangsem.Generator.Console", "Tangsem.Generator.Console\Tangsem.Generator.Console.csproj", "{FBD7502E-F60B-44EB-84E5-78FEFDACF5F4}"
EndProject
Project("{2150E333-8FDC-42A3-9474-1A3956D46DE8}") = "code-gen", "code-gen", "{7D3A3156-57BE-46DF-B864-17FBECFF4CC2}"
EndProject
Project("{FAE04EC0-301F-11D3-BF4B-00C04F79EFBC}") = "NHTest", "tests\NHTest\NHTest.csproj", "{39CD28C9-4B5E-4424-9839-DFABB462941D}"
EndProject
Project("{2150E333-8FDC-42A3-9474-1A3956D46DE8}") = "netcore", "netcore", "{860966FA-0819-4298-B570-7C580914DD33}"
EndProject
Global
	GlobalSection(SolutionConfigurationPlatforms) = preSolution
		Debug|Any CPU = Debug|Any CPU
		Release|Any CPU = Release|Any CPU
	EndGlobalSection
	GlobalSection(ProjectConfigurationPlatforms) = postSolution
		{A5DAFCC5-6AC6-4805-B7CA-A351084654CA}.Debug|Any CPU.ActiveCfg = Debug|Any CPU
		{A5DAFCC5-6AC6-4805-B7CA-A351084654CA}.Debug|Any CPU.Build.0 = Debug|Any CPU
		{A5DAFCC5-6AC6-4805-B7CA-A351084654CA}.Release|Any CPU.ActiveCfg = Release|Any CPU
		{A5DAFCC5-6AC6-4805-B7CA-A351084654CA}.Release|Any CPU.Build.0 = Release|Any CPU
		{62351D99-DF6A-4329-8F50-F75ED133EBA7}.Debug|Any CPU.ActiveCfg = Debug|Any CPU
		{62351D99-DF6A-4329-8F50-F75ED133EBA7}.Debug|Any CPU.Build.0 = Debug|Any CPU
		{62351D99-DF6A-4329-8F50-F75ED133EBA7}.Release|Any CPU.ActiveCfg = Release|Any CPU
		{62351D99-DF6A-4329-8F50-F75ED133EBA7}.Release|Any CPU.Build.0 = Release|Any CPU
		{804A3FB9-89DF-4C66-B09B-AFAEF76069FD}.Debug|Any CPU.ActiveCfg = Debug|Any CPU
		{804A3FB9-89DF-4C66-B09B-AFAEF76069FD}.Debug|Any CPU.Build.0 = Debug|Any CPU
		{804A3FB9-89DF-4C66-B09B-AFAEF76069FD}.Release|Any CPU.ActiveCfg = Release|Any CPU
		{804A3FB9-89DF-4C66-B09B-AFAEF76069FD}.Release|Any CPU.Build.0 = Release|Any CPU
		{BEE62F90-879F-40A3-A3C4-666373B2BF89}.Debug|Any CPU.ActiveCfg = Debug|Any CPU
		{BEE62F90-879F-40A3-A3C4-666373B2BF89}.Debug|Any CPU.Build.0 = Debug|Any CPU
		{BEE62F90-879F-40A3-A3C4-666373B2BF89}.Release|Any CPU.ActiveCfg = Release|Any CPU
		{BEE62F90-879F-40A3-A3C4-666373B2BF89}.Release|Any CPU.Build.0 = Release|Any CPU
		{6CE102E0-7F36-434A-AEC0-541A20FD2548}.Debug|Any CPU.ActiveCfg = Debug|Any CPU
		{6CE102E0-7F36-434A-AEC0-541A20FD2548}.Debug|Any CPU.Build.0 = Debug|Any CPU
		{6CE102E0-7F36-434A-AEC0-541A20FD2548}.Release|Any CPU.ActiveCfg = Release|Any CPU
		{6CE102E0-7F36-434A-AEC0-541A20FD2548}.Release|Any CPU.Build.0 = Release|Any CPU
		{B6C6C2C0-4276-4307-BE2B-0DE3E81AB4F2}.Debug|Any CPU.ActiveCfg = Debug|Any CPU
		{B6C6C2C0-4276-4307-BE2B-0DE3E81AB4F2}.Debug|Any CPU.Build.0 = Debug|Any CPU
		{B6C6C2C0-4276-4307-BE2B-0DE3E81AB4F2}.Release|Any CPU.ActiveCfg = Release|Any CPU
		{B6C6C2C0-4276-4307-BE2B-0DE3E81AB4F2}.Release|Any CPU.Build.0 = Release|Any CPU
		{FBD7502E-F60B-44EB-84E5-78FEFDACF5F4}.Debug|Any CPU.ActiveCfg = Debug|Any CPU
		{FBD7502E-F60B-44EB-84E5-78FEFDACF5F4}.Debug|Any CPU.Build.0 = Debug|Any CPU
		{FBD7502E-F60B-44EB-84E5-78FEFDACF5F4}.Release|Any CPU.ActiveCfg = Release|Any CPU
		{FBD7502E-F60B-44EB-84E5-78FEFDACF5F4}.Release|Any CPU.Build.0 = Release|Any CPU
		{39CD28C9-4B5E-4424-9839-DFABB462941D}.Debug|Any CPU.ActiveCfg = Debug|Any CPU
		{39CD28C9-4B5E-4424-9839-DFABB462941D}.Debug|Any CPU.Build.0 = Debug|Any CPU
		{39CD28C9-4B5E-4424-9839-DFABB462941D}.Release|Any CPU.ActiveCfg = Release|Any CPU
		{39CD28C9-4B5E-4424-9839-DFABB462941D}.Release|Any CPU.Build.0 = Release|Any CPU
	EndGlobalSection
	GlobalSection(SolutionProperties) = preSolution
		HideSolutionNode = FALSE
	EndGlobalSection
	GlobalSection(NestedProjects) = preSolution
		{A5DAFCC5-6AC6-4805-B7CA-A351084654CA} = {E389CD07-467E-4882-A43A-CC82DEF974C0}
		{62351D99-DF6A-4329-8F50-F75ED133EBA7} = {E389CD07-467E-4882-A43A-CC82DEF974C0}
		{804A3FB9-89DF-4C66-B09B-AFAEF76069FD} = {E389CD07-467E-4882-A43A-CC82DEF974C0}
		{BEE62F90-879F-40A3-A3C4-666373B2BF89} = {7D3A3156-57BE-46DF-B864-17FBECFF4CC2}
		{6CE102E0-7F36-434A-AEC0-541A20FD2548} = {7D3A3156-57BE-46DF-B864-17FBECFF4CC2}
		{B6C6C2C0-4276-4307-BE2B-0DE3E81AB4F2} = {E389CD07-467E-4882-A43A-CC82DEF974C0}
		{FBD7502E-F60B-44EB-84E5-78FEFDACF5F4} = {7D3A3156-57BE-46DF-B864-17FBECFF4CC2}
		{39CD28C9-4B5E-4424-9839-DFABB462941D} = {C992E35A-AADA-4A93-9C98-0AC03638436A}
	EndGlobalSection
	GlobalSection(ExtensibilityGlobals) = postSolution
		SolutionGuid = {DEC4593F-38F2-464B-936C-EF306275FF10}
	EndGlobalSection
	GlobalSection(TestCaseManagementSettings) = postSolution
		CategoryFile = Tangsem.Suite.vsmdi
	EndGlobalSection
EndGlobal
