
Microsoft Visual Studio Solution File, Format Version 12.00
# Visual Studio 15
VisualStudioVersion = 15.0.28307.489
MinimumVisualStudioVersion = 10.0.40219.1
Project("{9A19103F-16F7-4668-BE54-9A1E7A4F7556}") = "Sample.Host", "Sample.Host\Sample.Host.csproj", "{4AADEFC8-A9D7-4468-BCDD-2FF5A40F5B4B}"
EndProject
Project("{9A19103F-16F7-4668-BE54-9A1E7A4F7556}") = "Sample.Core", "Sample.Core\Sample.Core.csproj", "{B9E99248-D812-4B3D-8793-45092617DDE8}"
EndProject
Global
	GlobalSection(SolutionConfigurationPlatforms) = preSolution
		Debug|Any CPU = Debug|Any CPU
		Release|Any CPU = Release|Any CPU
	EndGlobalSection
	GlobalSection(ProjectConfigurationPlatforms) = postSolution
		{4AADEFC8-A9D7-4468-BCDD-2FF5A40F5B4B}.Debug|Any CPU.ActiveCfg = Debug|Any CPU
		{4AADEFC8-A9D7-4468-BCDD-2FF5A40F5B4B}.Debug|Any CPU.Build.0 = Debug|Any CPU
		{4AADEFC8-A9D7-4468-BCDD-2FF5A40F5B4B}.Release|Any CPU.ActiveCfg = Release|Any CPU
		{4AADEFC8-A9D7-4468-BCDD-2FF5A40F5B4B}.Release|Any CPU.Build.0 = Release|Any CPU
		{B9E99248-D812-4B3D-8793-45092617DDE8}.Debug|Any CPU.ActiveCfg = Debug|Any CPU
		{B9E99248-D812-4B3D-8793-45092617DDE8}.Debug|Any CPU.Build.0 = Debug|Any CPU
		{B9E99248-D812-4B3D-8793-45092617DDE8}.Release|Any CPU.ActiveCfg = Release|Any CPU
		{B9E99248-D812-4B3D-8793-45092617DDE8}.Release|Any CPU.Build.0 = Release|Any CPU
	EndGlobalSection
	GlobalSection(SolutionProperties) = preSolution
		HideSolutionNode = FALSE
	EndGlobalSection
	GlobalSection(ExtensibilityGlobals) = postSolution
		SolutionGuid = {218A6C5D-5384-40B3-94C4-CAC63B281728}
	EndGlobalSection
EndGlobal
